# This file is autogenerated, do not edit; changes may be undone by the next 'dep ensure'.


[[projects]]
  name = "github.com/golang/glog"
  packages = ["."]
  revision = "fca8c8854093a154ff1eb580aae10276ad6b1b5f"

[solve-meta]
  analyzer-name = "dep"
  analyzer-version = 1
  inputs-digest = "958f73734965b7dfaa46331642c3fbe965133d888e66ecdc2960606d827a8deb"
  solver-name = "gps-cdcl"
  solver-version = 1
